
Microsoft Visual Studio Solution File, Format Version 12.00
# Visual Studio Version 16
VisualStudioVersion = 16.0.31005.135
MinimumVisualStudioVersion = 10.0.40219.1
Project("{9A19103F-16F7-4668-BE54-9A1E7A4F7556}") = "BenFatto.CLF", "BenFatto.CLF\BenFatto.CLF.csproj", "{A1E3F23C-9BB9-4733-B9D7-5567DF327088}"
EndProject
Project("{9A19103F-16F7-4668-BE54-9A1E7A4F7556}") = "BenFatto.Core", "BenFatto.Core\BenFatto.Core.csproj", "{2D5FF29D-06C2-46DC-AEFB-5603F0E5E9F3}"
EndProject
Project("{9A19103F-16F7-4668-BE54-9A1E7A4F7556}") = "HandyMan", "HandyMan\HandyMan.csproj", "{AC6F2D07-0743-46D9-AA6A-1E287A77D60C}"
EndProject
Project("{9A19103F-16F7-4668-BE54-9A1E7A4F7556}") = "BenFatto.CharSeparated", "BenFatto.CharSeparated\BenFatto.CharSeparated.csproj", "{4B9E4826-E816-443F-8F1F-4E3928FA25F8}"
EndProject
Project("{9A19103F-16F7-4668-BE54-9A1E7A4F7556}") = "BenFatto.FixedLenght", "BenFatto.FixedLenght\BenFatto.FixedLenght.csproj", "{3D1FDB0F-8E50-49FA-ACF7-9E20E3BE4612}"
EndProject
Project("{9A19103F-16F7-4668-BE54-9A1E7A4F7556}") = "BenFatto.App", "BenFatto.App\BenFatto.App.csproj", "{A1E2071F-E065-4BA8-A1D2-896E7040EB16}"
	ProjectSection(ProjectDependencies) = postProject
		{A1E3F23C-9BB9-4733-B9D7-5567DF327088} = {A1E3F23C-9BB9-4733-B9D7-5567DF327088}
	EndProjectSection
EndProject
Project("{2150E333-8FDC-42A3-9474-1A3956D46DE8}") = "Solution Items", "Solution Items", "{5CEA6149-DCE0-405D-AB49-59B538F716A7}"
	ProjectSection(SolutionItems) = preProject
		..\README.MD = ..\README.MD
	EndProjectSection
EndProject
Global
	GlobalSection(SolutionConfigurationPlatforms) = preSolution
		Debug|Any CPU = Debug|Any CPU
		Release|Any CPU = Release|Any CPU
	EndGlobalSection
	GlobalSection(ProjectConfigurationPlatforms) = postSolution
		{A1E3F23C-9BB9-4733-B9D7-5567DF327088}.Debug|Any CPU.ActiveCfg = Debug|Any CPU
		{A1E3F23C-9BB9-4733-B9D7-5567DF327088}.Debug|Any CPU.Build.0 = Debug|Any CPU
		{A1E3F23C-9BB9-4733-B9D7-5567DF327088}.Release|Any CPU.ActiveCfg = Release|Any CPU
		{A1E3F23C-9BB9-4733-B9D7-5567DF327088}.Release|Any CPU.Build.0 = Release|Any CPU
		{2D5FF29D-06C2-46DC-AEFB-5603F0E5E9F3}.Debug|Any CPU.ActiveCfg = Debug|Any CPU
		{2D5FF29D-06C2-46DC-AEFB-5603F0E5E9F3}.Debug|Any CPU.Build.0 = Debug|Any CPU
		{2D5FF29D-06C2-46DC-AEFB-5603F0E5E9F3}.Release|Any CPU.ActiveCfg = Release|Any CPU
		{2D5FF29D-06C2-46DC-AEFB-5603F0E5E9F3}.Release|Any CPU.Build.0 = Release|Any CPU
		{AC6F2D07-0743-46D9-AA6A-1E287A77D60C}.Debug|Any CPU.ActiveCfg = Debug|Any CPU
		{AC6F2D07-0743-46D9-AA6A-1E287A77D60C}.Debug|Any CPU.Build.0 = Debug|Any CPU
		{AC6F2D07-0743-46D9-AA6A-1E287A77D60C}.Release|Any CPU.ActiveCfg = Release|Any CPU
		{AC6F2D07-0743-46D9-AA6A-1E287A77D60C}.Release|Any CPU.Build.0 = Release|Any CPU
		{4B9E4826-E816-443F-8F1F-4E3928FA25F8}.Debug|Any CPU.ActiveCfg = Debug|Any CPU
		{4B9E4826-E816-443F-8F1F-4E3928FA25F8}.Debug|Any CPU.Build.0 = Debug|Any CPU
		{4B9E4826-E816-443F-8F1F-4E3928FA25F8}.Release|Any CPU.ActiveCfg = Release|Any CPU
		{4B9E4826-E816-443F-8F1F-4E3928FA25F8}.Release|Any CPU.Build.0 = Release|Any CPU
		{3D1FDB0F-8E50-49FA-ACF7-9E20E3BE4612}.Debug|Any CPU.ActiveCfg = Debug|Any CPU
		{3D1FDB0F-8E50-49FA-ACF7-9E20E3BE4612}.Debug|Any CPU.Build.0 = Debug|Any CPU
		{3D1FDB0F-8E50-49FA-ACF7-9E20E3BE4612}.Release|Any CPU.ActiveCfg = Release|Any CPU
		{3D1FDB0F-8E50-49FA-ACF7-9E20E3BE4612}.Release|Any CPU.Build.0 = Release|Any CPU
		{A1E2071F-E065-4BA8-A1D2-896E7040EB16}.Debug|Any CPU.ActiveCfg = Debug|Any CPU
		{A1E2071F-E065-4BA8-A1D2-896E7040EB16}.Debug|Any CPU.Build.0 = Debug|Any CPU
		{A1E2071F-E065-4BA8-A1D2-896E7040EB16}.Release|Any CPU.ActiveCfg = Release|Any CPU
		{A1E2071F-E065-4BA8-A1D2-896E7040EB16}.Release|Any CPU.Build.0 = Release|Any CPU
	EndGlobalSection
	GlobalSection(SolutionProperties) = preSolution
		HideSolutionNode = FALSE
	EndGlobalSection
	GlobalSection(ExtensibilityGlobals) = postSolution
		SolutionGuid = {DBA3D182-871B-40B0-A46F-9CB58272F396}
	EndGlobalSection
EndGlobal
